// !$*UTF8*$!
{
	archiveVersion = 1;
	classes = {
	};
	objectVersion = 46;
	objects = {

/* Begin PBXBuildFile section */
		4E00B31E19E4BFD500E5695A /* HowToViewController.m in Sources */ = {isa = PBXBuildFile; fileRef = 4E00B31D19E4BFD500E5695A /* HowToViewController.m */; };
		4E063AAE19DDC63000693758 /* GameView.m in Sources */ = {isa = PBXBuildFile; fileRef = 4E063AAD19DDC63000693758 /* GameView.m */; };
		4E063AB219DDC69200693758 /* TileView.m in Sources */ = {isa = PBXBuildFile; fileRef = 4E063AB119DDC69200693758 /* TileView.m */; };
		4E0E7A1019E00D6500010866 /* MinefieldView.m in Sources */ = {isa = PBXBuildFile; fileRef = 4E0E7A0F19E00D6500010866 /* MinefieldView.m */; };
		4E0FBA4819E3697300263141 /* GameViewController.m in Sources */ = {isa = PBXBuildFile; fileRef = 4E0FBA4719E3697300263141 /* GameViewController.m */; };
		4E0FBA4B19E3698600263141 /* MenuViewController.m in Sources */ = {isa = PBXBuildFile; fileRef = 4E0FBA4A19E3698600263141 /* MenuViewController.m */; };
		4E56E5E719E74EC500364BCB /* DemoTileView.m in Sources */ = {isa = PBXBuildFile; fileRef = 4E56E5E619E74EC500364BCB /* DemoTileView.m */; };
		4E56E5EA19E7550600364BCB /* DemoGameViewFlag.m in Sources */ = {isa = PBXBuildFile; fileRef = 4E56E5E919E7550600364BCB /* DemoGameViewFlag.m */; };
		4E56E5ED19E770F700364BCB /* DemoGameViewNormal.m in Sources */ = {isa = PBXBuildFile; fileRef = 4E56E5EC19E770F700364BCB /* DemoGameViewNormal.m */; };
		4E57362919DF890100D92502 /* Minefield.m in Sources */ = {isa = PBXBuildFile; fileRef = 4E57362819DF890100D92502 /* Minefield.m */; };
		4E9041DE19DB9359008490A0 /* main.m in Sources */ = {isa = PBXBuildFile; fileRef = 4E9041DD19DB9359008490A0 /* main.m */; };
		4E9041E119DB9359008490A0 /* AppDelegate.m in Sources */ = {isa = PBXBuildFile; fileRef = 4E9041E019DB9359008490A0 /* AppDelegate.m */; };
		4E9041E919DB935A008490A0 /* Images.xcassets in Resources */ = {isa = PBXBuildFile; fileRef = 4E9041E819DB935A008490A0 /* Images.xcassets */; };
		4E9041F819DB935A008490A0 /* MinesweeperTests.m in Sources */ = {isa = PBXBuildFile; fileRef = 4E9041F719DB935A008490A0 /* MinesweeperTests.m */; };
		4EDCFD8D19E4DF6800E4F471 /* UIScrollView+ZoomToPoint.m in Sources */ = {isa = PBXBuildFile; fileRef = 4EDCFD8C19E4DF6800E4F471 /* UIScrollView+ZoomToPoint.m */; };
		4EE33EFE19DDC87F000BBD09 /* Tile.m in Sources */ = {isa = PBXBuildFile; fileRef = 4EE33EFD19DDC87F000BBD09 /* Tile.m */; };
		4EE7F4DF19E8538700229B6B /* DemoMinefieldView.m in Sources */ = {isa = PBXBuildFile; fileRef = 4EE7F4DE19E8538700229B6B /* DemoMinefieldView.m */; };
		4EE7F4E219E85B7A00229B6B /* DemoEnjoy.m in Sources */ = {isa = PBXBuildFile; fileRef = 4EE7F4E119E85B7A00229B6B /* DemoEnjoy.m */; };
/* End PBXBuildFile section */

/* Begin PBXContainerItemProxy section */
		4E9041F219DB935A008490A0 /* PBXContainerItemProxy */ = {
			isa = PBXContainerItemProxy;
			containerPortal = 4E9041D019DB9359008490A0 /* Project object */;
			proxyType = 1;
			remoteGlobalIDString = 4E9041D719DB9359008490A0;
			remoteInfo = Minesweeper;
		};
/* End PBXContainerItemProxy section */

/* Begin PBXFileReference section */
		4E00B31C19E4BFD500E5695A /* HowToViewController.h */ = {isa = PBXFileReference; fileEncoding = 4; lastKnownFileType = sourcecode.c.h; path = HowToViewController.h; sourceTree = "<group>"; };
		4E00B31D19E4BFD500E5695A /* HowToViewController.m */ = {isa = PBXFileReference; fileEncoding = 4; lastKnownFileType = sourcecode.c.objc; path = HowToViewController.m; sourceTree = "<group>"; };
		4E063AAC19DDC63000693758 /* GameView.h */ = {isa = PBXFileReference; fileEncoding = 4; lastKnownFileType = sourcecode.c.h; name = GameView.h; path = Views/GameView.h; sourceTree = "<group>"; };
		4E063AAD19DDC63000693758 /* GameView.m */ = {isa = PBXFileReference; fileEncoding = 4; lastKnownFileType = sourcecode.c.objc; name = GameView.m; path = Views/GameView.m; sourceTree = "<group>"; };
		4E063AB019DDC69200693758 /* TileView.h */ = {isa = PBXFileReference; fileEncoding = 4; lastKnownFileType = sourcecode.c.h; name = TileView.h; path = Views/TileView.h; sourceTree = "<group>"; };
		4E063AB119DDC69200693758 /* TileView.m */ = {isa = PBXFileReference; fileEncoding = 4; lastKnownFileType = sourcecode.c.objc; name = TileView.m; path = Views/TileView.m; sourceTree = "<group>"; };
		4E0E7A0E19E00D6500010866 /* MinefieldView.h */ = {isa = PBXFileReference; fileEncoding = 4; lastKnownFileType = sourcecode.c.h; name = MinefieldView.h; path = Views/MinefieldView.h; sourceTree = "<group>"; };
		4E0E7A0F19E00D6500010866 /* MinefieldView.m */ = {isa = PBXFileReference; fileEncoding = 4; lastKnownFileType = sourcecode.c.objc; name = MinefieldView.m; path = Views/MinefieldView.m; sourceTree = "<group>"; };
		4E0FBA4619E3697300263141 /* GameViewController.h */ = {isa = PBXFileReference; fileEncoding = 4; lastKnownFileType = sourcecode.c.h; path = GameViewController.h; sourceTree = "<group>"; };
		4E0FBA4719E3697300263141 /* GameViewController.m */ = {isa = PBXFileReference; fileEncoding = 4; lastKnownFileType = sourcecode.c.objc; path = GameViewController.m; sourceTree = "<group>"; };
		4E0FBA4919E3698600263141 /* MenuViewController.h */ = {isa = PBXFileReference; fileEncoding = 4; lastKnownFileType = sourcecode.c.h; path = MenuViewController.h; sourceTree = "<group>"; };
		4E0FBA4A19E3698600263141 /* MenuViewController.m */ = {isa = PBXFileReference; fileEncoding = 4; lastKnownFileType = sourcecode.c.objc; path = MenuViewController.m; sourceTree = "<group>"; };
		4E56E5E519E74EC500364BCB /* DemoTileView.h */ = {isa = PBXFileReference; fileEncoding = 4; lastKnownFileType = sourcecode.c.h; name = DemoTileView.h; path = Views/Demo/DemoTileView.h; sourceTree = "<group>"; };
		4E56E5E619E74EC500364BCB /* DemoTileView.m */ = {isa = PBXFileReference; fileEncoding = 4; lastKnownFileType = sourcecode.c.objc; name = DemoTileView.m; path = Views/Demo/DemoTileView.m; sourceTree = "<group>"; };
		4E56E5E819E7550600364BCB /* DemoGameViewFlag.h */ = {isa = PBXFileReference; fileEncoding = 4; lastKnownFileType = sourcecode.c.h; name = DemoGameViewFlag.h; path = Views/Demo/DemoGameViewFlag.h; sourceTree = "<group>"; };
		4E56E5E919E7550600364BCB /* DemoGameViewFlag.m */ = {isa = PBXFileReference; fileEncoding = 4; lastKnownFileType = sourcecode.c.objc; name = DemoGameViewFlag.m; path = Views/Demo/DemoGameViewFlag.m; sourceTree = "<group>"; };
		4E56E5EB19E770F700364BCB /* DemoGameViewNormal.h */ = {isa = PBXFileReference; fileEncoding = 4; lastKnownFileType = sourcecode.c.h; name = DemoGameViewNormal.h; path = Views/Demo/DemoGameViewNormal.h; sourceTree = "<group>"; };
		4E56E5EC19E770F700364BCB /* DemoGameViewNormal.m */ = {isa = PBXFileReference; fileEncoding = 4; lastKnownFileType = sourcecode.c.objc; name = DemoGameViewNormal.m; path = Views/Demo/DemoGameViewNormal.m; sourceTree = "<group>"; };
		4E57362719DF890100D92502 /* Minefield.h */ = {isa = PBXFileReference; fileEncoding = 4; lastKnownFileType = sourcecode.c.h; name = Minefield.h; path = Models/Minefield.h; sourceTree = "<group>"; };
		4E57362819DF890100D92502 /* Minefield.m */ = {isa = PBXFileReference; fileEncoding = 4; lastKnownFileType = sourcecode.c.objc; name = Minefield.m; path = Models/Minefield.m; sourceTree = "<group>"; };
		4E9041D819DB9359008490A0 /* Minesweeper.app */ = {isa = PBXFileReference; explicitFileType = wrapper.application; includeInIndex = 0; path = Minesweeper.app; sourceTree = BUILT_PRODUCTS_DIR; };
		4E9041DC19DB9359008490A0 /* Info.plist */ = {isa = PBXFileReference; lastKnownFileType = text.plist.xml; path = Info.plist; sourceTree = "<group>"; };
		4E9041DD19DB9359008490A0 /* main.m */ = {isa = PBXFileReference; lastKnownFileType = sourcecode.c.objc; path = main.m; sourceTree = "<group>"; };
		4E9041DF19DB9359008490A0 /* AppDelegate.h */ = {isa = PBXFileReference; lastKnownFileType = sourcecode.c.h; path = AppDelegate.h; sourceTree = "<group>"; };
		4E9041E019DB9359008490A0 /* AppDelegate.m */ = {isa = PBXFileReference; lastKnownFileType = sourcecode.c.objc; path = AppDelegate.m; sourceTree = "<group>"; };
		4E9041E819DB935A008490A0 /* Images.xcassets */ = {isa = PBXFileReference; lastKnownFileType = folder.assetcatalog; path = Images.xcassets; sourceTree = "<group>"; };
		4E9041F119DB935A008490A0 /* MinesweeperTests.xctest */ = {isa = PBXFileReference; explicitFileType = wrapper.cfbundle; includeInIndex = 0; path = MinesweeperTests.xctest; sourceTree = BUILT_PRODUCTS_DIR; };
		4E9041F619DB935A008490A0 /* Info.plist */ = {isa = PBXFileReference; lastKnownFileType = text.plist.xml; path = Info.plist; sourceTree = "<group>"; };
		4E9041F719DB935A008490A0 /* MinesweeperTests.m */ = {isa = PBXFileReference; lastKnownFileType = sourcecode.c.objc; path = MinesweeperTests.m; sourceTree = "<group>"; };
		4EDCFD8B19E4DF6800E4F471 /* UIScrollView+ZoomToPoint.h */ = {isa = PBXFileReference; fileEncoding = 4; lastKnownFileType = sourcecode.c.h; name = "UIScrollView+ZoomToPoint.h"; path = "Categories/UIScrollView+ZoomToPoint.h"; sourceTree = "<group>"; };
		4EDCFD8C19E4DF6800E4F471 /* UIScrollView+ZoomToPoint.m */ = {isa = PBXFileReference; fileEncoding = 4; lastKnownFileType = sourcecode.c.objc; name = "UIScrollView+ZoomToPoint.m"; path = "Categories/UIScrollView+ZoomToPoint.m"; sourceTree = "<group>"; };
		4EE33EFC19DDC87F000BBD09 /* Tile.h */ = {isa = PBXFileReference; fileEncoding = 4; lastKnownFileType = sourcecode.c.h; name = Tile.h; path = Models/Tile.h; sourceTree = "<group>"; };
		4EE33EFD19DDC87F000BBD09 /* Tile.m */ = {isa = PBXFileReference; fileEncoding = 4; lastKnownFileType = sourcecode.c.objc; name = Tile.m; path = Models/Tile.m; sourceTree = "<group>"; };
		4EE7F4DD19E8538700229B6B /* DemoMinefieldView.h */ = {isa = PBXFileReference; fileEncoding = 4; lastKnownFileType = sourcecode.c.h; name = DemoMinefieldView.h; path = Views/Demo/DemoMinefieldView.h; sourceTree = "<group>"; };
		4EE7F4DE19E8538700229B6B /* DemoMinefieldView.m */ = {isa = PBXFileReference; fileEncoding = 4; lastKnownFileType = sourcecode.c.objc; name = DemoMinefieldView.m; path = Views/Demo/DemoMinefieldView.m; sourceTree = "<group>"; };
		4EE7F4E019E85B7A00229B6B /* DemoEnjoy.h */ = {isa = PBXFileReference; fileEncoding = 4; lastKnownFileType = sourcecode.c.h; name = DemoEnjoy.h; path = Views/Demo/DemoEnjoy.h; sourceTree = "<group>"; };
		4EE7F4E119E85B7A00229B6B /* DemoEnjoy.m */ = {isa = PBXFileReference; fileEncoding = 4; lastKnownFileType = sourcecode.c.objc; name = DemoEnjoy.m; path = Views/Demo/DemoEnjoy.m; sourceTree = "<group>"; };
/* End PBXFileReference section */

/* Begin PBXFrameworksBuildPhase section */
		4E9041D519DB9359008490A0 /* Frameworks */ = {
			isa = PBXFrameworksBuildPhase;
			buildActionMask = 2147483647;
			files = (
			);
			runOnlyForDeploymentPostprocessing = 0;
		};
		4E9041EE19DB935A008490A0 /* Frameworks */ = {
			isa = PBXFrameworksBuildPhase;
			buildActionMask = 2147483647;
			files = (
			);
			runOnlyForDeploymentPostprocessing = 0;
		};
/* End PBXFrameworksBuildPhase section */

/* Begin PBXGroup section */
		4E063AAF19DDC63700693758 /* Views */ = {
			isa = PBXGroup;
			children = (
				4E21288D19E74E5500FA2B4B /* Demo */,
				4E063AAC19DDC63000693758 /* GameView.h */,
				4E063AAD19DDC63000693758 /* GameView.m */,
				4E0E7A0E19E00D6500010866 /* MinefieldView.h */,
				4E0E7A0F19E00D6500010866 /* MinefieldView.m */,
				4E063AB019DDC69200693758 /* TileView.h */,
				4E063AB119DDC69200693758 /* TileView.m */,
			);
			name = Views;
			sourceTree = "<group>";
		};
		4E063AB319DDC80900693758 /* Models */ = {
			isa = PBXGroup;
			children = (
				4E57362719DF890100D92502 /* Minefield.h */,
				4E57362819DF890100D92502 /* Minefield.m */,
				4EE33EFC19DDC87F000BBD09 /* Tile.h */,
				4EE33EFD19DDC87F000BBD09 /* Tile.m */,
			);
			name = Models;
			sourceTree = "<group>";
		};
		4E21288D19E74E5500FA2B4B /* Demo */ = {
			isa = PBXGroup;
			children = (
				4EE7F4E019E85B7A00229B6B /* DemoEnjoy.h */,
				4EE7F4E119E85B7A00229B6B /* DemoEnjoy.m */,
				4E56E5E819E7550600364BCB /* DemoGameViewFlag.h */,
				4E56E5E919E7550600364BCB /* DemoGameViewFlag.m */,
				4E56E5EB19E770F700364BCB /* DemoGameViewNormal.h */,
				4E56E5EC19E770F700364BCB /* DemoGameViewNormal.m */,
				4EE7F4DD19E8538700229B6B /* DemoMinefieldView.h */,
				4EE7F4DE19E8538700229B6B /* DemoMinefieldView.m */,
				4E56E5E519E74EC500364BCB /* DemoTileView.h */,
				4E56E5E619E74EC500364BCB /* DemoTileView.m */,
			);
			name = Demo;
			sourceTree = "<group>";
		};
		4E9041CF19DB9359008490A0 = {
			isa = PBXGroup;
			children = (
				4E9041DA19DB9359008490A0 /* Minesweeper */,
				4E9041F419DB935A008490A0 /* MinesweeperTests */,
				4E9041D919DB9359008490A0 /* Products */,
			);
			sourceTree = "<group>";
		};
		4E9041D919DB9359008490A0 /* Products */ = {
			isa = PBXGroup;
			children = (
				4E9041D819DB9359008490A0 /* Minesweeper.app */,
				4E9041F119DB935A008490A0 /* MinesweeperTests.xctest */,
			);
			name = Products;
			sourceTree = "<group>";
		};
		4E9041DA19DB9359008490A0 /* Minesweeper */ = {
			isa = PBXGroup;
			children = (
				4E0FBA4619E3697300263141 /* GameViewController.h */,
				4E0FBA4719E3697300263141 /* GameViewController.m */,
				4E00B31C19E4BFD500E5695A /* HowToViewController.h */,
				4E00B31D19E4BFD500E5695A /* HowToViewController.m */,
				4E0FBA4919E3698600263141 /* MenuViewController.h */,
				4E0FBA4A19E3698600263141 /* MenuViewController.m */,
				4E9041E819DB935A008490A0 /* Images.xcassets */,
				4EDCFD8A19E4DEE800E4F471 /* Categories */,
				4E063AB319DDC80900693758 /* Models */,
				4E063AAF19DDC63700693758 /* Views */,
				4E9041DB19DB9359008490A0 /* Supporting Files */,
			);
			path = Minesweeper;
			sourceTree = "<group>";
		};
		4E9041DB19DB9359008490A0 /* Supporting Files */ = {
			isa = PBXGroup;
			children = (
				4E9041DF19DB9359008490A0 /* AppDelegate.h */,
				4E9041E019DB9359008490A0 /* AppDelegate.m */,
				4E9041DC19DB9359008490A0 /* Info.plist */,
				4E9041DD19DB9359008490A0 /* main.m */,
			);
			name = "Supporting Files";
			sourceTree = "<group>";
		};
		4E9041F419DB935A008490A0 /* MinesweeperTests */ = {
			isa = PBXGroup;
			children = (
				4E9041F719DB935A008490A0 /* MinesweeperTests.m */,
				4E9041F519DB935A008490A0 /* Supporting Files */,
			);
			path = MinesweeperTests;
			sourceTree = "<group>";
		};
		4E9041F519DB935A008490A0 /* Supporting Files */ = {
			isa = PBXGroup;
			children = (
				4E9041F619DB935A008490A0 /* Info.plist */,
			);
			name = "Supporting Files";
			sourceTree = "<group>";
		};
		4EDCFD8A19E4DEE800E4F471 /* Categories */ = {
			isa = PBXGroup;
			children = (
				4EDCFD8B19E4DF6800E4F471 /* UIScrollView+ZoomToPoint.h */,
				4EDCFD8C19E4DF6800E4F471 /* UIScrollView+ZoomToPoint.m */,
			);
			name = Categories;
			sourceTree = "<group>";
		};
/* End PBXGroup section */

/* Begin PBXNativeTarget section */
		4E9041D719DB9359008490A0 /* Minesweeper */ = {
			isa = PBXNativeTarget;
			buildConfigurationList = 4E9041FB19DB935A008490A0 /* Build configuration list for PBXNativeTarget "Minesweeper" */;
			buildPhases = (
				4E9041D419DB9359008490A0 /* Sources */,
				4E9041D519DB9359008490A0 /* Frameworks */,
				4E9041D619DB9359008490A0 /* Resources */,
			);
			buildRules = (
			);
			dependencies = (
			);
			name = Minesweeper;
			productName = Minesweeper;
			productReference = 4E9041D819DB9359008490A0 /* Minesweeper.app */;
			productType = "com.apple.product-type.application";
		};
		4E9041F019DB935A008490A0 /* MinesweeperTests */ = {
			isa = PBXNativeTarget;
			buildConfigurationList = 4E9041FE19DB935A008490A0 /* Build configuration list for PBXNativeTarget "MinesweeperTests" */;
			buildPhases = (
				4E9041ED19DB935A008490A0 /* Sources */,
				4E9041EE19DB935A008490A0 /* Frameworks */,
				4E9041EF19DB935A008490A0 /* Resources */,
			);
			buildRules = (
			);
			dependencies = (
				4E9041F319DB935A008490A0 /* PBXTargetDependency */,
			);
			name = MinesweeperTests;
			productName = MinesweeperTests;
			productReference = 4E9041F119DB935A008490A0 /* MinesweeperTests.xctest */;
			productType = "com.apple.product-type.bundle.unit-test";
		};
/* End PBXNativeTarget section */

/* Begin PBXProject section */
		4E9041D019DB9359008490A0 /* Project object */ = {
			isa = PBXProject;
			attributes = {
				LastUpgradeCheck = 0600;
				ORGANIZATIONNAME = "Mathieu White";
				TargetAttributes = {
					4E9041D719DB9359008490A0 = {
						CreatedOnToolsVersion = 6.0.1;
					};
					4E9041F019DB935A008490A0 = {
						CreatedOnToolsVersion = 6.0.1;
						TestTargetID = 4E9041D719DB9359008490A0;
					};
				};
			};
			buildConfigurationList = 4E9041D319DB9359008490A0 /* Build configuration list for PBXProject "Minesweeper" */;
			compatibilityVersion = "Xcode 3.2";
			developmentRegion = English;
			hasScannedForEncodings = 0;
			knownRegions = (
				en,
				Base,
			);
			mainGroup = 4E9041CF19DB9359008490A0;
			productRefGroup = 4E9041D919DB9359008490A0 /* Products */;
			projectDirPath = "";
			projectRoot = "";
			targets = (
				4E9041D719DB9359008490A0 /* Minesweeper */,
				4E9041F019DB935A008490A0 /* MinesweeperTests */,
			);
		};
/* End PBXProject section */

/* Begin PBXResourcesBuildPhase section */
		4E9041D619DB9359008490A0 /* Resources */ = {
			isa = PBXResourcesBuildPhase;
			buildActionMask = 2147483647;
			files = (
				4E9041E919DB935A008490A0 /* Images.xcassets in Resources */,
			);
			runOnlyForDeploymentPostprocessing = 0;
		};
		4E9041EF19DB935A008490A0 /* Resources */ = {
			isa = PBXResourcesBuildPhase;
			buildActionMask = 2147483647;
			files = (
			);
			runOnlyForDeploymentPostprocessing = 0;
		};
/* End PBXResourcesBuildPhase section */

/* Begin PBXSourcesBuildPhase section */
		4E9041D419DB9359008490A0 /* Sources */ = {
			isa = PBXSourcesBuildPhase;
			buildActionMask = 2147483647;
			files = (
				4EE7F4E219E85B7A00229B6B /* DemoEnjoy.m in Sources */,
				4E0FBA4819E3697300263141 /* GameViewController.m in Sources */,
				4E9041E119DB9359008490A0 /* AppDelegate.m in Sources */,
				4E56E5ED19E770F700364BCB /* DemoGameViewNormal.m in Sources */,
				4E00B31E19E4BFD500E5695A /* HowToViewController.m in Sources */,
				4E0E7A1019E00D6500010866 /* MinefieldView.m in Sources */,
				4E063AB219DDC69200693758 /* TileView.m in Sources */,
				4E57362919DF890100D92502 /* Minefield.m in Sources */,
				4E56E5EA19E7550600364BCB /* DemoGameViewFlag.m in Sources */,
				4EE7F4DF19E8538700229B6B /* DemoMinefieldView.m in Sources */,
				4EDCFD8D19E4DF6800E4F471 /* UIScrollView+ZoomToPoint.m in Sources */,
				4E063AAE19DDC63000693758 /* GameView.m in Sources */,
				4EE33EFE19DDC87F000BBD09 /* Tile.m in Sources */,
				4E9041DE19DB9359008490A0 /* main.m in Sources */,
				4E56E5E719E74EC500364BCB /* DemoTileView.m in Sources */,
				4E0FBA4B19E3698600263141 /* MenuViewController.m in Sources */,
			);
			runOnlyForDeploymentPostprocessing = 0;
		};
		4E9041ED19DB935A008490A0 /* Sources */ = {
			isa = PBXSourcesBuildPhase;
			buildActionMask = 2147483647;
			files = (
				4E9041F819DB935A008490A0 /* MinesweeperTests.m in Sources */,
			);
			runOnlyForDeploymentPostprocessing = 0;
		};
/* End PBXSourcesBuildPhase section */

/* Begin PBXTargetDependency section */
		4E9041F319DB935A008490A0 /* PBXTargetDependency */ = {
			isa = PBXTargetDependency;
			target = 4E9041D719DB9359008490A0 /* Minesweeper */;
			targetProxy = 4E9041F219DB935A008490A0 /* PBXContainerItemProxy */;
		};
/* End PBXTargetDependency section */

/* Begin XCBuildConfiguration section */
		4E9041F919DB935A008490A0 /* Debug */ = {
			isa = XCBuildConfiguration;
			buildSettings = {
				ALWAYS_SEARCH_USER_PATHS = NO;
				CLANG_CXX_LANGUAGE_STANDARD = "gnu++0x";
				CLANG_CXX_LIBRARY = "libc++";
				CLANG_ENABLE_MODULES = YES;
				CLANG_ENABLE_OBJC_ARC = YES;
				CLANG_WARN_BOOL_CONVERSION = YES;
				CLANG_WARN_CONSTANT_CONVERSION = YES;
				CLANG_WARN_DIRECT_OBJC_ISA_USAGE = YES_ERROR;
				CLANG_WARN_EMPTY_BODY = YES;
				CLANG_WARN_ENUM_CONVERSION = YES;
				CLANG_WARN_INT_CONVERSION = YES;
				CLANG_WARN_OBJC_ROOT_CLASS = YES_ERROR;
				CLANG_WARN_UNREACHABLE_CODE = YES;
				CLANG_WARN__DUPLICATE_METHOD_MATCH = YES;
				"CODE_SIGN_IDENTITY[sdk=iphoneos*]" = "iPhone Developer";
				COPY_PHASE_STRIP = NO;
				ENABLE_STRICT_OBJC_MSGSEND = YES;
				GCC_C_LANGUAGE_STANDARD = gnu99;
				GCC_DYNAMIC_NO_PIC = NO;
				GCC_OPTIMIZATION_LEVEL = 0;
				GCC_PREPROCESSOR_DEFINITIONS = (
					"DEBUG=1",
					"$(inherited)",
				);
				GCC_SYMBOLS_PRIVATE_EXTERN = NO;
				GCC_WARN_64_TO_32_BIT_CONVERSION = YES;
				GCC_WARN_ABOUT_RETURN_TYPE = YES_ERROR;
				GCC_WARN_UNDECLARED_SELECTOR = YES;
				GCC_WARN_UNINITIALIZED_AUTOS = YES_AGGRESSIVE;
				GCC_WARN_UNUSED_FUNCTION = YES;
				GCC_WARN_UNUSED_VARIABLE = YES;
				IPHONEOS_DEPLOYMENT_TARGET = 8.0;
				MTL_ENABLE_DEBUG_INFO = YES;
				ONLY_ACTIVE_ARCH = YES;
				SDKROOT = iphoneos;
			};
			name = Debug;
		};
		4E9041FA19DB935A008490A0 /* Release */ = {
			isa = XCBuildConfiguration;
			buildSettings = {
				ALWAYS_SEARCH_USER_PATHS = NO;
				CLANG_CXX_LANGUAGE_STANDARD = "gnu++0x";
				CLANG_CXX_LIBRARY = "libc++";
				CLANG_ENABLE_MODULES = YES;
				CLANG_ENABLE_OBJC_ARC = YES;
				CLANG_WARN_BOOL_CONVERSION = YES;
				CLANG_WARN_CONSTANT_CONVERSION = YES;
				CLANG_WARN_DIRECT_OBJC_ISA_USAGE = YES_ERROR;
				CLANG_WARN_EMPTY_BODY = YES;
				CLANG_WARN_ENUM_CONVERSION = YES;
				CLANG_WARN_INT_CONVERSION = YES;
				CLANG_WARN_OBJC_ROOT_CLASS = YES_ERROR;
				CLANG_WARN_UNREACHABLE_CODE = YES;
				CLANG_WARN__DUPLICATE_METHOD_MATCH = YES;
				"CODE_SIGN_IDENTITY[sdk=iphoneos*]" = "iPhone Developer";
				COPY_PHASE_STRIP = YES;
				ENABLE_NS_ASSERTIONS = NO;
				ENABLE_STRICT_OBJC_MSGSEND = YES;
				GCC_C_LANGUAGE_STANDARD = gnu99;
				GCC_WARN_64_TO_32_BIT_CONVERSION = YES;
				GCC_WARN_ABOUT_RETURN_TYPE = YES_ERROR;
				GCC_WARN_UNDECLARED_SELECTOR = YES;
				GCC_WARN_UNINITIALIZED_AUTOS = YES_AGGRESSIVE;
				GCC_WARN_UNUSED_FUNCTION = YES;
				GCC_WARN_UNUSED_VARIABLE = YES;
				IPHONEOS_DEPLOYMENT_TARGET = 8.0;
				MTL_ENABLE_DEBUG_INFO = NO;
				SDKROOT = iphoneos;
				VALIDATE_PRODUCT = YES;
			};
			name = Release;
		};
		4E9041FC19DB935A008490A0 /* Debug */ = {
			isa = XCBuildConfiguration;
			buildSettings = {
				ASSETCATALOG_COMPILER_APPICON_NAME = AppIcon;
				ASSETCATALOG_COMPILER_LAUNCHIMAGE_NAME = LaunchImage;
				INFOPLIST_FILE = Minesweeper/Info.plist;
				IPHONEOS_DEPLOYMENT_TARGET = 7.1;
				LD_RUNPATH_SEARCH_PATHS = "$(inherited) @executable_path/Frameworks";
				PRODUCT_NAME = "$(TARGET_NAME)";
			};
			name = Debug;
		};
		4E9041FD19DB935A008490A0 /* Release */ = {
			isa = XCBuildConfiguration;
			buildSettings = {
				ASSETCATALOG_COMPILER_APPICON_NAME = AppIcon;
				ASSETCATALOG_COMPILER_LAUNCHIMAGE_NAME = LaunchImage;
				INFOPLIST_FILE = Minesweeper/Info.plist;
				IPHONEOS_DEPLOYMENT_TARGET = 7.1;
				LD_RUNPATH_SEARCH_PATHS = "$(inherited) @executable_path/Frameworks";
				PRODUCT_NAME = "$(TARGET_NAME)";
			};
			name = Release;
		};
		4E9041FF19DB935A008490A0 /* Debug */ = {
			isa = XCBuildConfiguration;
			buildSettings = {
				BUNDLE_LOADER = "$(TEST_HOST)";
				FRAMEWORK_SEARCH_PATHS = (
					"$(SDKROOT)/Developer/Library/Frameworks",
					"$(inherited)",
				);
				GCC_PREPROCESSOR_DEFINITIONS = (
					"DEBUG=1",
					"$(inherited)",
				);
				INFOPLIST_FILE = MinesweeperTests/Info.plist;
				LD_RUNPATH_SEARCH_PATHS = "$(inherited) @executable_path/Frameworks @loader_path/Frameworks";
				PRODUCT_NAME = "$(TARGET_NAME)";
				TEST_HOST = "$(BUILT_PRODUCTS_DIR)/Minesweeper.app/Minesweeper";
			};
			name = Debug;
		};
		4E90420019DB935A008490A0 /* Release */ = {
			isa = XCBuildConfiguration;
			buildSettings = {
				BUNDLE_LOADER = "$(TEST_HOST)";
				FRAMEWORK_SEARCH_PATHS = (
					"$(SDKROOT)/Developer/Library/Frameworks",
					"$(inherited)",
				);
				INFOPLIST_FILE = MinesweeperTests/Info.plist;
				LD_RUNPATH_SEARCH_PATHS = "$(inherited) @executable_path/Frameworks @loader_path/Frameworks";
				PRODUCT_NAME = "$(TARGET_NAME)";
				TEST_HOST = "$(BUILT_PRODUCTS_DIR)/Minesweeper.app/Minesweeper";
			};
			name = Release;
		};
/* End XCBuildConfiguration section */

/* Begin XCConfigurationList section */
		4E9041D319DB9359008490A0 /* Build configuration list for PBXProject "Minesweeper" */ = {
			isa = XCConfigurationList;
			buildConfigurations = (
				4E9041F919DB935A008490A0 /* Debug */,
				4E9041FA19DB935A008490A0 /* Release */,
			);
			defaultConfigurationIsVisible = 0;
			defaultConfigurationName = Release;
		};
		4E9041FB19DB935A008490A0 /* Build configuration list for PBXNativeTarget "Minesweeper" */ = {
			isa = XCConfigurationList;
			buildConfigurations = (
				4E9041FC19DB935A008490A0 /* Debug */,
				4E9041FD19DB935A008490A0 /* Release */,
			);
			defaultConfigurationIsVisible = 0;
			defaultConfigurationName = Release;
		};
		4E9041FE19DB935A008490A0 /* Build configuration list for PBXNativeTarget "MinesweeperTests" */ = {
			isa = XCConfigurationList;
			buildConfigurations = (
				4E9041FF19DB935A008490A0 /* Debug */,
				4E90420019DB935A008490A0 /* Release */,
			);
			defaultConfigurationIsVisible = 0;
			defaultConfigurationName = Release;
		};
/* End XCConfigurationList section */
	};
	rootObject = 4E9041D019DB9359008490A0 /* Project object */;
}
